
Microsoft Visual Studio Solution File, Format Version 12.00
# Visual Studio Version 17
VisualStudioVersion = 17.12.35707.178
MinimumVisualStudioVersion = 10.0.40219.1
Project("{FAE04EC0-301F-11D3-BF4B-00C04F79EFBC}") = "FullStack.API", "FullStack.API\FullStack.API.csproj", "{A73EDCB0-BDEF-4CFF-85E7-826EE1828431}"
EndProject
Project("{FAE04EC0-301F-11D3-BF4B-00C04F79EFBC}") = "WindowsFormsApp1", "WindowsFormsApp1\WindowsFormsApp1.csproj", "{BBD90356-E726-47D4-95B7-82EE63A0331F}"
EndProject
Global
	GlobalSection(SolutionConfigurationPlatforms) = preSolution
		Debug|Any CPU = Debug|Any CPU
		Release|Any CPU = Release|Any CPU
	EndGlobalSection
	GlobalSection(ProjectConfigurationPlatforms) = postSolution
		{A73EDCB0-BDEF-4CFF-85E7-826EE1828431}.Debug|Any CPU.ActiveCfg = Debug|Any CPU
		{A73EDCB0-BDEF-4CFF-85E7-826EE1828431}.Debug|Any CPU.Build.0 = Debug|Any CPU
		{A73EDCB0-BDEF-4CFF-85E7-826EE1828431}.Release|Any CPU.ActiveCfg = Release|Any CPU
		{A73EDCB0-BDEF-4CFF-85E7-826EE1828431}.Release|Any CPU.Build.0 = Release|Any CPU
		{BBD90356-E726-47D4-95B7-82EE63A0331F}.Debug|Any CPU.ActiveCfg = Debug|Any CPU
		{BBD90356-E726-47D4-95B7-82EE63A0331F}.Debug|Any CPU.Build.0 = Debug|Any CPU
		{BBD90356-E726-47D4-95B7-82EE63A0331F}.Release|Any CPU.ActiveCfg = Release|Any CPU
		{BBD90356-E726-47D4-95B7-82EE63A0331F}.Release|Any CPU.Build.0 = Release|Any CPU
	EndGlobalSection
	GlobalSection(SolutionProperties) = preSolution
		HideSolutionNode = FALSE
	EndGlobalSection
EndGlobal
